Microsoft Visual Studio Solution File, Format Version 12.00
# Visual Studio 2012
Project("{FAE04EC0-301F-11D3-BF4B-00C04F79EFBC}") = "Terraria3D", "Terraria3D.csproj", "{14340827-01F6-42C2-97D0-6D0BCC040F9C}"
EndProject
Global
	GlobalSection(SolutionConfigurationPlatforms) = preSolution
	Debug|Any CPU = Debug|Any CPU
	ExportDebug|Any CPU = ExportDebug|Any CPU
	ExportRelease|Any CPU = ExportRelease|Any CPU
	EndGlobalSection
	GlobalSection(ProjectConfigurationPlatforms) = postSolution
		{14340827-01F6-42C2-97D0-6D0BCC040F9C}.Debug|Any CPU.ActiveCfg = Debug|Any CPU
		{14340827-01F6-42C2-97D0-6D0BCC040F9C}.Debug|Any CPU.Build.0 = Debug|Any CPU
		{14340827-01F6-42C2-97D0-6D0BCC040F9C}.ExportDebug|Any CPU.ActiveCfg = ExportDebug|Any CPU
		{14340827-01F6-42C2-97D0-6D0BCC040F9C}.ExportDebug|Any CPU.Build.0 = ExportDebug|Any CPU
		{14340827-01F6-42C2-97D0-6D0BCC040F9C}.ExportRelease|Any CPU.ActiveCfg = ExportRelease|Any CPU
		{14340827-01F6-42C2-97D0-6D0BCC040F9C}.ExportRelease|Any CPU.Build.0 = ExportRelease|Any CPU
	EndGlobalSection
EndGlobal
